
Microsoft Visual Studio Solution File, Format Version 12.00
# Visual Studio Version 17
VisualStudioVersion = 17.4.33122.133
MinimumVisualStudioVersion = 10.0.40219.1
Project("{FAE04EC0-301F-11D3-BF4B-00C04F79EFBC}") = "tobii udla", "tobii udla\tobii udla.csproj", "{C6E30995-E5BB-4567-963A-D24D209945CB}"
EndProject
Global
	GlobalSection(SolutionConfigurationPlatforms) = preSolution
		Debug|Any CPU = Debug|Any CPU
		Release|Any CPU = Release|Any CPU
	EndGlobalSection
	GlobalSection(ProjectConfigurationPlatforms) = postSolution
		{C6E30995-E5BB-4567-963A-D24D209945CB}.Debug|Any CPU.ActiveCfg = Debug|Any CPU
		{C6E30995-E5BB-4567-963A-D24D209945CB}.Debug|Any CPU.Build.0 = Debug|Any CPU
		{C6E30995-E5BB-4567-963A-D24D209945CB}.Release|Any CPU.ActiveCfg = Release|Any CPU
		{C6E30995-E5BB-4567-963A-D24D209945CB}.Release|Any CPU.Build.0 = Release|Any CPU
	EndGlobalSection
	GlobalSection(SolutionProperties) = preSolution
		HideSolutionNode = FALSE
	EndGlobalSection
	GlobalSection(ExtensibilityGlobals) = postSolution
		SolutionGuid = {7456C13F-4D5D-42A8-AACD-C0B4FE8F95A1}
	EndGlobalSection
EndGlobal
